// !$*UTF8*$!
{
	archiveVersion = 1;
	classes = {
	};
	objectVersion = 46;
	objects = {

/* Begin PBXBuildFile section */
		5751BCA51AA46A7A0091A8D7 /* MemoryObservableView.swift in Sources */ = {isa = PBXBuildFile; fileRef = 5751BCA41AA46A7A0091A8D7 /* MemoryObservableView.swift */; };
		5751BCA91AA46CB10091A8D7 /* CameraView.swift in Sources */ = {isa = PBXBuildFile; fileRef = 5751BCA71AA46CB10091A8D7 /* CameraView.swift */; };
		5751BCAA1AA46CB10091A8D7 /* CameraView.xib in Resources */ = {isa = PBXBuildFile; fileRef = 5751BCA81AA46CB10091A8D7 /* CameraView.xib */; };
		5751BCAD1AA46D330091A8D7 /* ImageFormattingView.swift in Sources */ = {isa = PBXBuildFile; fileRef = 5751BCAC1AA46D330091A8D7 /* ImageFormattingView.swift */; };
		5751BCAF1AA46D7A0091A8D7 /* ImageFormattingView.xib in Resources */ = {isa = PBXBuildFile; fileRef = 5751BCAE1AA46D7A0091A8D7 /* ImageFormattingView.xib */; };
		575970B61A24C2850071D14F /* Logger.swift in Sources */ = {isa = PBXBuildFile; fileRef = 575970B51A24C2850071D14F /* Logger.swift */; };
		575970CA1A24E9030071D14F /* CRCheckAPI.mm in Sources */ = {isa = PBXBuildFile; fileRef = 575970C51A24E9030071D14F /* CRCheckAPI.mm */; };
		57FA37421AA734FB002FCD94 /* UIImage+CRFilters.m in Sources */ = {isa = PBXBuildFile; fileRef = 57FA37411AA734FB002FCD94 /* UIImage+CRFilters.m */; };
		8437AD5C1A23DB9A002FD899 /* tessdata in Resources */ = {isa = PBXBuildFile; fileRef = 8437AD5B1A23DB9A002FD899 /* tessdata */; };
		8446D1DE1A20E5DE00487D58 /* AppDelegate.swift in Sources */ = {isa = PBXBuildFile; fileRef = 8446D1DD1A20E5DE00487D58 /* AppDelegate.swift */; };
		8446D1E51A20E5DE00487D58 /* Main.storyboard in Resources */ = {isa = PBXBuildFile; fileRef = 8446D1E31A20E5DE00487D58 /* Main.storyboard */; };
		8446D1E71A20E5DE00487D58 /* Images.xcassets in Resources */ = {isa = PBXBuildFile; fileRef = 8446D1E61A20E5DE00487D58 /* Images.xcassets */; };
		8446D1EA1A20E5DE00487D58 /* LaunchScreen.xib in Resources */ = {isa = PBXBuildFile; fileRef = 8446D1E81A20E5DE00487D58 /* LaunchScreen.xib */; };
		8446D2011A20E65600487D58 /* CameraCapture.swift in Sources */ = {isa = PBXBuildFile; fileRef = 8446D2001A20E65600487D58 /* CameraCapture.swift */; };
		844F3ED51A20EA2C001428AD /* AVFoundation.framework in Frameworks */ = {isa = PBXBuildFile; fileRef = 844F3ED41A20EA2C001428AD /* AVFoundation.framework */; };
		84CC71D61A21ECDC0007E07E /* libCheckOCR.a in Frameworks */ = {isa = PBXBuildFile; fileRef = 84DD8E751A215B9500C9CEC0 /* libCheckOCR.a */; };
		84CFCFB11A2A9E48002DB34A /* PreviewViewController.swift in Sources */ = {isa = PBXBuildFile; fileRef = 84CFCFB01A2A9E48002DB34A /* PreviewViewController.swift */; };
		84CFCFB31A2B4012002DB34A /* ResultViewController.swift in Sources */ = {isa = PBXBuildFile; fileRef = 84CFCFB21A2B4012002DB34A /* ResultViewController.swift */; };
		84D177521A2A4D73002F275A /* NibDesignableView.swift in Sources */ = {isa = PBXBuildFile; fileRef = 84D177511A2A4D73002F275A /* NibDesignableView.swift */; };
		84D8A8321AA7BF79006C5AD1 /* CRCheckResult.m in Sources */ = {isa = PBXBuildFile; fileRef = 84D8A82F1AA7BF79006C5AD1 /* CRCheckResult.m */; };
		84D8A8331AA7BF79006C5AD1 /* CRCheckResultComponent.m in Sources */ = {isa = PBXBuildFile; fileRef = 84D8A8311AA7BF79006C5AD1 /* CRCheckResultComponent.m */; };
		84EA17741AA67BF600B5EB50 /* BlackoutView.swift in Sources */ = {isa = PBXBuildFile; fileRef = 84EA17731AA67BF600B5EB50 /* BlackoutView.swift */; };
		84FA04F21A251EF3002BD5B5 /* NSString+CRFilePath.m in Sources */ = {isa = PBXBuildFile; fileRef = 84FA04EF1A251EF3002BD5B5 /* NSString+CRFilePath.m */; };
		84FA04F31A251EF3002BD5B5 /* UIImage+CRCheckImage.mm in Sources */ = {isa = PBXBuildFile; fileRef = 84FA04F11A251EF3002BD5B5 /* UIImage+CRCheckImage.mm */; };
		84FA04FC1A25202A002BD5B5 /* BaseViewController.swift in Sources */ = {isa = PBXBuildFile; fileRef = 84FA04FB1A25202A002BD5B5 /* BaseViewController.swift */; };
		84FA05031A2521AB002BD5B5 /* HistoryViewController.swift in Sources */ = {isa = PBXBuildFile; fileRef = 84FA04FE1A2521AB002BD5B5 /* HistoryViewController.swift */; };
		84FA05041A2521AB002BD5B5 /* ScanViewController.swift in Sources */ = {isa = PBXBuildFile; fileRef = 84FA05001A2521AB002BD5B5 /* ScanViewController.swift */; };
		84FA05051A2521AB002BD5B5 /* SettingsViewController.swift in Sources */ = {isa = PBXBuildFile; fileRef = 84FA05021A2521AB002BD5B5 /* SettingsViewController.swift */; };
		84FA05081A252411002BD5B5 /* TabBarController.swift in Sources */ = {isa = PBXBuildFile; fileRef = 84FA05071A252411002BD5B5 /* TabBarController.swift */; };
		84FA050D1A25280A002BD5B5 /* CRRecognitionOperation.mm in Sources */ = {isa = PBXBuildFile; fileRef = 84FA050C1A25280A002BD5B5 /* CRRecognitionOperation.mm */; };
/* End PBXBuildFile section */

/* Begin PBXContainerItemProxy section */
		84DD8E741A215B9500C9CEC0 /* PBXContainerItemProxy */ = {
			isa = PBXContainerItemProxy;
			containerPortal = 84DD8E6F1A215B9500C9CEC0 /* CheckOCR.xcodeproj */;
			proxyType = 2;
			remoteGlobalIDString = 84D2ACA21A1FED1E00AFEAFE;
			remoteInfo = CheckOCR;
		};
		84DD8E821A21656B00C9CEC0 /* PBXContainerItemProxy */ = {
			isa = PBXContainerItemProxy;
			containerPortal = 84DD8E6F1A215B9500C9CEC0 /* CheckOCR.xcodeproj */;
			proxyType = 1;
			remoteGlobalIDString = 84D2ACA11A1FED1E00AFEAFE;
			remoteInfo = CheckOCR;
		};
/* End PBXContainerItemProxy section */

/* Begin PBXFileReference section */
		5751BCA41AA46A7A0091A8D7 /* MemoryObservableView.swift */ = {isa = PBXFileReference; fileEncoding = 4; lastKnownFileType = sourcecode.swift; path = MemoryObservableView.swift; sourceTree = "<group>"; };
		5751BCA71AA46CB10091A8D7 /* CameraView.swift */ = {isa = PBXFileReference; fileEncoding = 4; lastKnownFileType = sourcecode.swift; path = CameraView.swift; sourceTree = "<group>"; };
		5751BCA81AA46CB10091A8D7 /* CameraView.xib */ = {isa = PBXFileReference; fileEncoding = 4; lastKnownFileType = file.xib; path = CameraView.xib; sourceTree = "<group>"; };
		5751BCAC1AA46D330091A8D7 /* ImageFormattingView.swift */ = {isa = PBXFileReference; fileEncoding = 4; lastKnownFileType = sourcecode.swift; path = ImageFormattingView.swift; sourceTree = "<group>"; };
		5751BCAE1AA46D7A0091A8D7 /* ImageFormattingView.xib */ = {isa = PBXFileReference; fileEncoding = 4; lastKnownFileType = file.xib; path = ImageFormattingView.xib; sourceTree = "<group>"; };
		575970B51A24C2850071D14F /* Logger.swift */ = {isa = PBXFileReference; fileEncoding = 4; lastKnownFileType = sourcecode.swift; path = Logger.swift; sourceTree = "<group>"; };
		575970C41A24E9030071D14F /* CRCheckAPI.h */ = {isa = PBXFileReference; fileEncoding = 4; lastKnownFileType = sourcecode.c.h; path = CRCheckAPI.h; sourceTree = "<group>"; };
		575970C51A24E9030071D14F /* CRCheckAPI.mm */ = {isa = PBXFileReference; fileEncoding = 4; lastKnownFileType = sourcecode.cpp.objcpp; path = CRCheckAPI.mm; sourceTree = "<group>"; };
		575970CD1A24E9670071D14F /* CRLogger.h */ = {isa = PBXFileReference; lastKnownFileType = sourcecode.c.h; path = CRLogger.h; sourceTree = "<group>"; };
		57FA37401AA734FB002FCD94 /* UIImage+CRFilters.h */ = {isa = PBXFileReference; fileEncoding = 4; lastKnownFileType = sourcecode.c.h; path = "UIImage+CRFilters.h"; sourceTree = "<group>"; };
		57FA37411AA734FB002FCD94 /* UIImage+CRFilters.m */ = {isa = PBXFileReference; fileEncoding = 4; lastKnownFileType = sourcecode.c.objc; path = "UIImage+CRFilters.m"; sourceTree = "<group>"; };
		8437AD5B1A23DB9A002FD899 /* tessdata */ = {isa = PBXFileReference; lastKnownFileType = folder; path = tessdata; sourceTree = "<group>"; };
		8446D1D81A20E5DE00487D58 /* CheckRecognition.app */ = {isa = PBXFileReference; explicitFileType = wrapper.application; includeInIndex = 0; path = CheckRecognition.app; sourceTree = BUILT_PRODUCTS_DIR; };
		8446D1DC1A20E5DE00487D58 /* Info.plist */ = {isa = PBXFileReference; lastKnownFileType = text.plist.xml; path = Info.plist; sourceTree = "<group>"; };
		8446D1DD1A20E5DE00487D58 /* AppDelegate.swift */ = {isa = PBXFileReference; lastKnownFileType = sourcecode.swift; path = AppDelegate.swift; sourceTree = "<group>"; };
		8446D1E41A20E5DE00487D58 /* Base */ = {isa = PBXFileReference; lastKnownFileType = file.storyboard; name = Base; path = Base.lproj/Main.storyboard; sourceTree = "<group>"; };
		8446D1E61A20E5DE00487D58 /* Images.xcassets */ = {isa = PBXFileReference; lastKnownFileType = folder.assetcatalog; path = Images.xcassets; sourceTree = "<group>"; };
		8446D1E91A20E5DE00487D58 /* Base */ = {isa = PBXFileReference; lastKnownFileType = file.xib; name = Base; path = Base.lproj/LaunchScreen.xib; sourceTree = "<group>"; };
		8446D2001A20E65600487D58 /* CameraCapture.swift */ = {isa = PBXFileReference; fileEncoding = 4; lastKnownFileType = sourcecode.swift; path = CameraCapture.swift; sourceTree = "<group>"; wrapsLines = 1; };
		844F3ED41A20EA2C001428AD /* AVFoundation.framework */ = {isa = PBXFileReference; lastKnownFileType = wrapper.framework; name = AVFoundation.framework; path = System/Library/Frameworks/AVFoundation.framework; sourceTree = SDKROOT; };
		84CFCFB01A2A9E48002DB34A /* PreviewViewController.swift */ = {isa = PBXFileReference; fileEncoding = 4; lastKnownFileType = sourcecode.swift; path = PreviewViewController.swift; sourceTree = "<group>"; };
		84CFCFB21A2B4012002DB34A /* ResultViewController.swift */ = {isa = PBXFileReference; fileEncoding = 4; lastKnownFileType = sourcecode.swift; path = ResultViewController.swift; sourceTree = "<group>"; };
		84D177511A2A4D73002F275A /* NibDesignableView.swift */ = {isa = PBXFileReference; fileEncoding = 4; lastKnownFileType = sourcecode.swift; path = NibDesignableView.swift; sourceTree = "<group>"; };
		84D8A82E1AA7BF79006C5AD1 /* CRCheckResult.h */ = {isa = PBXFileReference; fileEncoding = 4; lastKnownFileType = sourcecode.c.h; path = CRCheckResult.h; sourceTree = "<group>"; };
		84D8A82F1AA7BF79006C5AD1 /* CRCheckResult.m */ = {isa = PBXFileReference; fileEncoding = 4; lastKnownFileType = sourcecode.c.objc; path = CRCheckResult.m; sourceTree = "<group>"; };
		84D8A8301AA7BF79006C5AD1 /* CRCheckResultComponent.h */ = {isa = PBXFileReference; fileEncoding = 4; lastKnownFileType = sourcecode.c.h; path = CRCheckResultComponent.h; sourceTree = "<group>"; };
		84D8A8311AA7BF79006C5AD1 /* CRCheckResultComponent.m */ = {isa = PBXFileReference; fileEncoding = 4; lastKnownFileType = sourcecode.c.objc; path = CRCheckResultComponent.m; sourceTree = "<group>"; };
		84DD8E6F1A215B9500C9CEC0 /* CheckOCR.xcodeproj */ = {isa = PBXFileReference; lastKnownFileType = "wrapper.pb-project"; name = CheckOCR.xcodeproj; path = ../CheckOCR/CheckOCR.xcodeproj; sourceTree = "<group>"; };
		84DD8E791A215D8600C9CEC0 /* CheckRecognition-Bridging-Header.h */ = {isa = PBXFileReference; lastKnownFileType = sourcecode.c.h; path = "CheckRecognition-Bridging-Header.h"; sourceTree = "<group>"; };
		84EA17731AA67BF600B5EB50 /* BlackoutView.swift */ = {isa = PBXFileReference; fileEncoding = 4; lastKnownFileType = sourcecode.swift; path = BlackoutView.swift; sourceTree = "<group>"; };
		84FA04EE1A251EF3002BD5B5 /* NSString+CRFilePath.h */ = {isa = PBXFileReference; fileEncoding = 4; lastKnownFileType = sourcecode.c.h; path = "NSString+CRFilePath.h"; sourceTree = "<group>"; };
		84FA04EF1A251EF3002BD5B5 /* NSString+CRFilePath.m */ = {isa = PBXFileReference; fileEncoding = 4; lastKnownFileType = sourcecode.c.objc; path = "NSString+CRFilePath.m"; sourceTree = "<group>"; };
		84FA04F01A251EF3002BD5B5 /* UIImage+CRCheckImage.h */ = {isa = PBXFileReference; fileEncoding = 4; lastKnownFileType = sourcecode.c.h; path = "UIImage+CRCheckImage.h"; sourceTree = "<group>"; };
		84FA04F11A251EF3002BD5B5 /* UIImage+CRCheckImage.mm */ = {isa = PBXFileReference; fileEncoding = 4; lastKnownFileType = sourcecode.cpp.objcpp; path = "UIImage+CRCheckImage.mm"; sourceTree = "<group>"; };
		84FA04FB1A25202A002BD5B5 /* BaseViewController.swift */ = {isa = PBXFileReference; fileEncoding = 4; lastKnownFileType = sourcecode.swift; path = BaseViewController.swift; sourceTree = "<group>"; };
		84FA04FE1A2521AB002BD5B5 /* HistoryViewController.swift */ = {isa = PBXFileReference; fileEncoding = 4; lastKnownFileType = sourcecode.swift; path = HistoryViewController.swift; sourceTree = "<group>"; };
		84FA05001A2521AB002BD5B5 /* ScanViewController.swift */ = {isa = PBXFileReference; fileEncoding = 4; lastKnownFileType = sourcecode.swift; path = ScanViewController.swift; sourceTree = "<group>"; };
		84FA05021A2521AB002BD5B5 /* SettingsViewController.swift */ = {isa = PBXFileReference; fileEncoding = 4; lastKnownFileType = sourcecode.swift; path = SettingsViewController.swift; sourceTree = "<group>"; };
		84FA05071A252411002BD5B5 /* TabBarController.swift */ = {isa = PBXFileReference; fileEncoding = 4; lastKnownFileType = sourcecode.swift; path = TabBarController.swift; sourceTree = "<group>"; };
		84FA050B1A25280A002BD5B5 /* CRRecognitionOperation.h */ = {isa = PBXFileReference; fileEncoding = 4; lastKnownFileType = sourcecode.c.h; path = CRRecognitionOperation.h; sourceTree = "<group>"; };
		84FA050C1A25280A002BD5B5 /* CRRecognitionOperation.mm */ = {isa = PBXFileReference; fileEncoding = 4; lastKnownFileType = sourcecode.cpp.objcpp; path = CRRecognitionOperation.mm; sourceTree = "<group>"; };
/* End PBXFileReference section */

/* Begin PBXFrameworksBuildPhase section */
		8446D1D51A20E5DD00487D58 /* Frameworks */ = {
			isa = PBXFrameworksBuildPhase;
			buildActionMask = 2147483647;
			files = (
				84CC71D61A21ECDC0007E07E /* libCheckOCR.a in Frameworks */,
				844F3ED51A20EA2C001428AD /* AVFoundation.framework in Frameworks */,
			);
			runOnlyForDeploymentPostprocessing = 0;
		};
/* End PBXFrameworksBuildPhase section */

/* Begin PBXGroup section */
		5751BCA31AA46A7A0091A8D7 /* Base */ = {
			isa = PBXGroup;
			children = (
				5751BCA41AA46A7A0091A8D7 /* MemoryObservableView.swift */,
			);
			path = Base;
			sourceTree = "<group>";
		};
		5751BCA61AA46CB10091A8D7 /* CameraView */ = {
			isa = PBXGroup;
			children = (
				5751BCA71AA46CB10091A8D7 /* CameraView.swift */,
				5751BCA81AA46CB10091A8D7 /* CameraView.xib */,
			);
			path = CameraView;
			sourceTree = "<group>";
		};
		5751BCAB1AA46D1A0091A8D7 /* ImageFormattingView */ = {
			isa = PBXGroup;
			children = (
				84EA17731AA67BF600B5EB50 /* BlackoutView.swift */,
				5751BCAC1AA46D330091A8D7 /* ImageFormattingView.swift */,
				5751BCAE1AA46D7A0091A8D7 /* ImageFormattingView.xib */,
			);
			path = ImageFormattingView;
			sourceTree = "<group>";
		};
		575970B41A24C2590071D14F /* Logger */ = {
			isa = PBXGroup;
			children = (
				575970CD1A24E9670071D14F /* CRLogger.h */,
				575970B51A24C2850071D14F /* Logger.swift */,
			);
			path = Logger;
			sourceTree = "<group>";
		};
		575970C31A24E9030071D14F /* OCRWrapper */ = {
			isa = PBXGroup;
			children = (
				575970C41A24E9030071D14F /* CRCheckAPI.h */,
				575970C51A24E9030071D14F /* CRCheckAPI.mm */,
				84FA050B1A25280A002BD5B5 /* CRRecognitionOperation.h */,
				84FA050C1A25280A002BD5B5 /* CRRecognitionOperation.mm */,
				84D8A82D1AA7BF79006C5AD1 /* CheckResult */,
				84FA04ED1A251EE0002BD5B5 /* Utils */,
			);
			path = OCRWrapper;
			sourceTree = "<group>";
		};
		8446D1CF1A20E5DD00487D58 = {
			isa = PBXGroup;
			children = (
				84DD8E6F1A215B9500C9CEC0 /* CheckOCR.xcodeproj */,
				8446D1DA1A20E5DE00487D58 /* CheckRecognition */,
				844F3ED61A20EA3B001428AD /* Frameworks */,
				8446D1D91A20E5DE00487D58 /* Products */,
			);
			sourceTree = "<group>";
			wrapsLines = 0;
		};
		8446D1D91A20E5DE00487D58 /* Products */ = {
			isa = PBXGroup;
			children = (
				8446D1D81A20E5DE00487D58 /* CheckRecognition.app */,
			);
			name = Products;
			sourceTree = "<group>";
		};
		8446D1DA1A20E5DE00487D58 /* CheckRecognition */ = {
			isa = PBXGroup;
			children = (
				84DD8E791A215D8600C9CEC0 /* CheckRecognition-Bridging-Header.h */,
				575970B41A24C2590071D14F /* Logger */,
				575970C31A24E9030071D14F /* OCRWrapper */,
				84FA04EC1A251D7D002BD5B5 /* Model */,
				8446D1FF1A20E63300487D58 /* Camera */,
				84FA04E81A251D74002BD5B5 /* UI */,
				84FA05121A253B5C002BD5B5 /* Utils */,
				8446D1DD1A20E5DE00487D58 /* AppDelegate.swift */,
				8446D1E31A20E5DE00487D58 /* Main.storyboard */,
				8446D1E61A20E5DE00487D58 /* Images.xcassets */,
				8446D1E81A20E5DE00487D58 /* LaunchScreen.xib */,
				84D1774F1A2A4D72002F275A /* 3rd party */,
				8437AD5B1A23DB9A002FD899 /* tessdata */,
				8446D1DB1A20E5DE00487D58 /* Supporting Files */,
			);
			path = CheckRecognition;
			sourceTree = "<group>";
		};
		8446D1DB1A20E5DE00487D58 /* Supporting Files */ = {
			isa = PBXGroup;
			children = (
				8446D1DC1A20E5DE00487D58 /* Info.plist */,
			);
			name = "Supporting Files";
			sourceTree = "<group>";
		};
		8446D1FF1A20E63300487D58 /* Camera */ = {
			isa = PBXGroup;
			children = (
				8446D2001A20E65600487D58 /* CameraCapture.swift */,
			);
			path = Camera;
			sourceTree = "<group>";
		};
		844F3ED61A20EA3B001428AD /* Frameworks */ = {
			isa = PBXGroup;
			children = (
				844F3ED41A20EA2C001428AD /* AVFoundation.framework */,
			);
			name = Frameworks;
			sourceTree = "<group>";
		};
		84CFCFAD1A2A9989002DB34A /* View */ = {
			isa = PBXGroup;
			children = (
				5751BCA31AA46A7A0091A8D7 /* Base */,
				5751BCA61AA46CB10091A8D7 /* CameraView */,
				5751BCAB1AA46D1A0091A8D7 /* ImageFormattingView */,
			);
			path = View;
			sourceTree = "<group>";
		};
		84D1774F1A2A4D72002F275A /* 3rd party */ = {
			isa = PBXGroup;
			children = (
				84D177501A2A4D73002F275A /* NibDesignable */,
			);
			path = "3rd party";
			sourceTree = "<group>";
		};
		84D177501A2A4D73002F275A /* NibDesignable */ = {
			isa = PBXGroup;
			children = (
				84D177511A2A4D73002F275A /* NibDesignableView.swift */,
			);
			path = NibDesignable;
			sourceTree = "<group>";
		};
		84D8A82D1AA7BF79006C5AD1 /* CheckResult */ = {
			isa = PBXGroup;
			children = (
				84D8A82E1AA7BF79006C5AD1 /* CRCheckResult.h */,
				84D8A82F1AA7BF79006C5AD1 /* CRCheckResult.m */,
				84D8A8301AA7BF79006C5AD1 /* CRCheckResultComponent.h */,
				84D8A8311AA7BF79006C5AD1 /* CRCheckResultComponent.m */,
			);
			path = CheckResult;
			sourceTree = "<group>";
		};
		84DD8E701A215B9500C9CEC0 /* Products */ = {
			isa = PBXGroup;
			children = (
				84DD8E751A215B9500C9CEC0 /* libCheckOCR.a */,
			);
			name = Products;
			sourceTree = "<group>";
		};
		84FA04E81A251D74002BD5B5 /* UI */ = {
			isa = PBXGroup;
			children = (
				84CFCFAD1A2A9989002DB34A /* View */,
				84FA04E91A251D74002BD5B5 /* Cells */,
				84FA04EA1A251D74002BD5B5 /* ViewControllers */,
			);
			path = UI;
			sourceTree = "<group>";
		};
		84FA04E91A251D74002BD5B5 /* Cells */ = {
			isa = PBXGroup;
			children = (
			);
			path = Cells;
			sourceTree = "<group>";
		};
		84FA04EA1A251D74002BD5B5 /* ViewControllers */ = {
			isa = PBXGroup;
			children = (
				84FA04FA1A252023002BD5B5 /* Base */,
				84FA05061A2523E9002BD5B5 /* TabController */,
				84FA04FD1A2521AB002BD5B5 /* History */,
				84FA04FF1A2521AB002BD5B5 /* Scanning */,
				84FA05011A2521AB002BD5B5 /* Settings */,
			);
			path = ViewControllers;
			sourceTree = "<group>";
		};
		84FA04EC1A251D7D002BD5B5 /* Model */ = {
			isa = PBXGroup;
			children = (
			);
			path = Model;
			sourceTree = "<group>";
		};
		84FA04ED1A251EE0002BD5B5 /* Utils */ = {
			isa = PBXGroup;
			children = (
				84FA04EE1A251EF3002BD5B5 /* NSString+CRFilePath.h */,
				84FA04EF1A251EF3002BD5B5 /* NSString+CRFilePath.m */,
				84FA04F01A251EF3002BD5B5 /* UIImage+CRCheckImage.h */,
				84FA04F11A251EF3002BD5B5 /* UIImage+CRCheckImage.mm */,
				57FA37401AA734FB002FCD94 /* UIImage+CRFilters.h */,
				57FA37411AA734FB002FCD94 /* UIImage+CRFilters.m */,
			);
			path = Utils;
			sourceTree = "<group>";
		};
		84FA04FA1A252023002BD5B5 /* Base */ = {
			isa = PBXGroup;
			children = (
				84FA04FB1A25202A002BD5B5 /* BaseViewController.swift */,
			);
			path = Base;
			sourceTree = "<group>";
		};
		84FA04FD1A2521AB002BD5B5 /* History */ = {
			isa = PBXGroup;
			children = (
				84FA04FE1A2521AB002BD5B5 /* HistoryViewController.swift */,
			);
			path = History;
			sourceTree = "<group>";
		};
		84FA04FF1A2521AB002BD5B5 /* Scanning */ = {
			isa = PBXGroup;
			children = (
				84FA05001A2521AB002BD5B5 /* ScanViewController.swift */,
				84CFCFB01A2A9E48002DB34A /* PreviewViewController.swift */,
				84CFCFB21A2B4012002DB34A /* ResultViewController.swift */,
			);
			path = Scanning;
			sourceTree = "<group>";
		};
		84FA05011A2521AB002BD5B5 /* Settings */ = {
			isa = PBXGroup;
			children = (
				84FA05021A2521AB002BD5B5 /* SettingsViewController.swift */,
			);
			path = Settings;
			sourceTree = "<group>";
		};
		84FA05061A2523E9002BD5B5 /* TabController */ = {
			isa = PBXGroup;
			children = (
				84FA05071A252411002BD5B5 /* TabBarController.swift */,
			);
			path = TabController;
			sourceTree = "<group>";
		};
		84FA05121A253B5C002BD5B5 /* Utils */ = {
			isa = PBXGroup;
			children = (
			);
			path = Utils;
			sourceTree = "<group>";
		};
/* End PBXGroup section */

/* Begin PBXNativeTarget section */
		8446D1D71A20E5DD00487D58 /* CheckRecognition */ = {
			isa = PBXNativeTarget;
			buildConfigurationList = 8446D1F91A20E5DE00487D58 /* Build configuration list for PBXNativeTarget "CheckRecognition" */;
			buildPhases = (
				8446D1D41A20E5DD00487D58 /* Sources */,
				8446D1D51A20E5DD00487D58 /* Frameworks */,
				8446D1D61A20E5DD00487D58 /* Resources */,
			);
			buildRules = (
			);
			dependencies = (
				84DD8E831A21656B00C9CEC0 /* PBXTargetDependency */,
			);
			name = CheckRecognition;
			productName = CheckRecognition;
			productReference = 8446D1D81A20E5DE00487D58 /* CheckRecognition.app */;
			productType = "com.apple.product-type.application";
		};
/* End PBXNativeTarget section */

/* Begin PBXProject section */
		8446D1D01A20E5DD00487D58 /* Project object */ = {
			isa = PBXProject;
			attributes = {
				LastUpgradeCheck = 0610;
				ORGANIZATIONNAME = "Viktor Levshchanov";
				TargetAttributes = {
					8446D1D71A20E5DD00487D58 = {
						CreatedOnToolsVersion = 6.1.1;
					};
				};
			};
			buildConfigurationList = 8446D1D31A20E5DD00487D58 /* Build configuration list for PBXProject "CheckRecognition" */;
			compatibilityVersion = "Xcode 3.2";
			developmentRegion = English;
			hasScannedForEncodings = 0;
			knownRegions = (
				en,
				Base,
			);
			mainGroup = 8446D1CF1A20E5DD00487D58;
			productRefGroup = 8446D1D91A20E5DE00487D58 /* Products */;
			projectDirPath = "";
			projectReferences = (
				{
					ProductGroup = 84DD8E701A215B9500C9CEC0 /* Products */;
					ProjectRef = 84DD8E6F1A215B9500C9CEC0 /* CheckOCR.xcodeproj */;
				},
			);
			projectRoot = "";
			targets = (
				8446D1D71A20E5DD00487D58 /* CheckRecognition */,
			);
		};
/* End PBXProject section */

/* Begin PBXReferenceProxy section */
		84DD8E751A215B9500C9CEC0 /* libCheckOCR.a */ = {
			isa = PBXReferenceProxy;
			fileType = archive.ar;
			path = libCheckOCR.a;
			remoteRef = 84DD8E741A215B9500C9CEC0 /* PBXContainerItemProxy */;
			sourceTree = BUILT_PRODUCTS_DIR;
		};
/* End PBXReferenceProxy section */

/* Begin PBXResourcesBuildPhase section */
		8446D1D61A20E5DD00487D58 /* Resources */ = {
			isa = PBXResourcesBuildPhase;
			buildActionMask = 2147483647;
			files = (
				8446D1E51A20E5DE00487D58 /* Main.storyboard in Resources */,
				5751BCAF1AA46D7A0091A8D7 /* ImageFormattingView.xib in Resources */,
				8446D1EA1A20E5DE00487D58 /* LaunchScreen.xib in Resources */,
				8437AD5C1A23DB9A002FD899 /* tessdata in Resources */,
				5751BCAA1AA46CB10091A8D7 /* CameraView.xib in Resources */,
				8446D1E71A20E5DE00487D58 /* Images.xcassets in Resources */,
			);
			runOnlyForDeploymentPostprocessing = 0;
		};
/* End PBXResourcesBuildPhase section */

/* Begin PBXSourcesBuildPhase section */
		8446D1D41A20E5DD00487D58 /* Sources */ = {
			isa = PBXSourcesBuildPhase;
			buildActionMask = 2147483647;
			files = (
				57FA37421AA734FB002FCD94 /* UIImage+CRFilters.m in Sources */,
				575970CA1A24E9030071D14F /* CRCheckAPI.mm in Sources */,
				8446D1DE1A20E5DE00487D58 /* AppDelegate.swift in Sources */,
				84FA04FC1A25202A002BD5B5 /* BaseViewController.swift in Sources */,
				5751BCA91AA46CB10091A8D7 /* CameraView.swift in Sources */,
				84FA05031A2521AB002BD5B5 /* HistoryViewController.swift in Sources */,
				84FA05041A2521AB002BD5B5 /* ScanViewController.swift in Sources */,
				84EA17741AA67BF600B5EB50 /* BlackoutView.swift in Sources */,
				84FA050D1A25280A002BD5B5 /* CRRecognitionOperation.mm in Sources */,
				575970B61A24C2850071D14F /* Logger.swift in Sources */,
				84CFCFB11A2A9E48002DB34A /* PreviewViewController.swift in Sources */,
				84D8A8321AA7BF79006C5AD1 /* CRCheckResult.m in Sources */,
				84CFCFB31A2B4012002DB34A /* ResultViewController.swift in Sources */,
				5751BCA51AA46A7A0091A8D7 /* MemoryObservableView.swift in Sources */,
				5751BCAD1AA46D330091A8D7 /* ImageFormattingView.swift in Sources */,
				84D8A8331AA7BF79006C5AD1 /* CRCheckResultComponent.m in Sources */,
				8446D2011A20E65600487D58 /* CameraCapture.swift in Sources */,
				84FA04F31A251EF3002BD5B5 /* UIImage+CRCheckImage.mm in Sources */,
				84FA05051A2521AB002BD5B5 /* SettingsViewController.swift in Sources */,
				84FA05081A252411002BD5B5 /* TabBarController.swift in Sources */,
				84FA04F21A251EF3002BD5B5 /* NSString+CRFilePath.m in Sources */,
				84D177521A2A4D73002F275A /* NibDesignableView.swift in Sources */,
			);
			runOnlyForDeploymentPostprocessing = 0;
		};
/* End PBXSourcesBuildPhase section */

/* Begin PBXTargetDependency section */
		84DD8E831A21656B00C9CEC0 /* PBXTargetDependency */ = {
			isa = PBXTargetDependency;
			name = CheckOCR;
			targetProxy = 84DD8E821A21656B00C9CEC0 /* PBXContainerItemProxy */;
		};
/* End PBXTargetDependency section */

/* Begin PBXVariantGroup section */
		8446D1E31A20E5DE00487D58 /* Main.storyboard */ = {
			isa = PBXVariantGroup;
			children = (
				8446D1E41A20E5DE00487D58 /* Base */,
			);
			name = Main.storyboard;
			sourceTree = "<group>";
		};
		8446D1E81A20E5DE00487D58 /* LaunchScreen.xib */ = {
			isa = PBXVariantGroup;
			children = (
				8446D1E91A20E5DE00487D58 /* Base */,
			);
			name = LaunchScreen.xib;
			sourceTree = "<group>";
		};
/* End PBXVariantGroup section */

/* Begin XCBuildConfiguration section */
		8446D1F71A20E5DE00487D58 /* Debug */ = {
			isa = XCBuildConfiguration;
			buildSettings = {
				ALWAYS_SEARCH_USER_PATHS = NO;
				CLANG_CXX_LANGUAGE_STANDARD = "gnu++0x";
				CLANG_CXX_LIBRARY = "libc++";
				CLANG_ENABLE_MODULES = YES;
				CLANG_ENABLE_OBJC_ARC = YES;
				CLANG_WARN_BOOL_CONVERSION = YES;
				CLANG_WARN_CONSTANT_CONVERSION = YES;
				CLANG_WARN_DIRECT_OBJC_ISA_USAGE = YES_ERROR;
				CLANG_WARN_EMPTY_BODY = YES;
				CLANG_WARN_ENUM_CONVERSION = YES;
				CLANG_WARN_INT_CONVERSION = YES;
				CLANG_WARN_OBJC_ROOT_CLASS = YES_ERROR;
				CLANG_WARN_UNREACHABLE_CODE = YES;
				CLANG_WARN__DUPLICATE_METHOD_MATCH = YES;
				"CODE_SIGN_IDENTITY[sdk=iphoneos*]" = "iPhone Developer";
				COPY_PHASE_STRIP = NO;
				ENABLE_STRICT_OBJC_MSGSEND = YES;
				GCC_C_LANGUAGE_STANDARD = gnu99;
				GCC_DYNAMIC_NO_PIC = NO;
				GCC_OPTIMIZATION_LEVEL = 0;
				GCC_PREPROCESSOR_DEFINITIONS = (
					"DEBUG=1",
					"$(inherited)",
				);
				GCC_SYMBOLS_PRIVATE_EXTERN = NO;
				GCC_WARN_64_TO_32_BIT_CONVERSION = YES;
				GCC_WARN_ABOUT_RETURN_TYPE = YES_ERROR;
				GCC_WARN_UNDECLARED_SELECTOR = YES;
				GCC_WARN_UNINITIALIZED_AUTOS = YES_AGGRESSIVE;
				GCC_WARN_UNUSED_FUNCTION = YES;
				GCC_WARN_UNUSED_VARIABLE = YES;
				IPHONEOS_DEPLOYMENT_TARGET = 8.1;
				MTL_ENABLE_DEBUG_INFO = YES;
				ONLY_ACTIVE_ARCH = YES;
				SDKROOT = iphoneos;
				SWIFT_OPTIMIZATION_LEVEL = "-Onone";
			};
			name = Debug;
		};
		8446D1F81A20E5DE00487D58 /* Release */ = {
			isa = XCBuildConfiguration;
			buildSettings = {
				ALWAYS_SEARCH_USER_PATHS = NO;
				CLANG_CXX_LANGUAGE_STANDARD = "gnu++0x";
				CLANG_CXX_LIBRARY = "libc++";
				CLANG_ENABLE_MODULES = YES;
				CLANG_ENABLE_OBJC_ARC = YES;
				CLANG_WARN_BOOL_CONVERSION = YES;
				CLANG_WARN_CONSTANT_CONVERSION = YES;
				CLANG_WARN_DIRECT_OBJC_ISA_USAGE = YES_ERROR;
				CLANG_WARN_EMPTY_BODY = YES;
				CLANG_WARN_ENUM_CONVERSION = YES;
				CLANG_WARN_INT_CONVERSION = YES;
				CLANG_WARN_OBJC_ROOT_CLASS = YES_ERROR;
				CLANG_WARN_UNREACHABLE_CODE = YES;
				CLANG_WARN__DUPLICATE_METHOD_MATCH = YES;
				"CODE_SIGN_IDENTITY[sdk=iphoneos*]" = "iPhone Developer";
				COPY_PHASE_STRIP = YES;
				ENABLE_NS_ASSERTIONS = NO;
				ENABLE_STRICT_OBJC_MSGSEND = YES;
				GCC_C_LANGUAGE_STANDARD = gnu99;
				GCC_WARN_64_TO_32_BIT_CONVERSION = YES;
				GCC_WARN_ABOUT_RETURN_TYPE = YES_ERROR;
				GCC_WARN_UNDECLARED_SELECTOR = YES;
				GCC_WARN_UNINITIALIZED_AUTOS = YES_AGGRESSIVE;
				GCC_WARN_UNUSED_FUNCTION = YES;
				GCC_WARN_UNUSED_VARIABLE = YES;
				IPHONEOS_DEPLOYMENT_TARGET = 8.1;
				MTL_ENABLE_DEBUG_INFO = NO;
				SDKROOT = iphoneos;
				VALIDATE_PRODUCT = YES;
			};
			name = Release;
		};
		8446D1FA1A20E5DE00487D58 /* Debug */ = {
			isa = XCBuildConfiguration;
			buildSettings = {
				ASSETCATALOG_COMPILER_APPICON_NAME = AppIcon;
				ASSETCATALOG_COMPILER_LAUNCHIMAGE_NAME = LaunchImage;
				CLANG_ENABLE_MODULES = YES;
				CODE_SIGN_IDENTITY = "iPhone Developer";
				DEFINES_MODULE = YES;
				GCC_USE_STANDARD_INCLUDE_SEARCHING = YES;
				HEADER_SEARCH_PATHS = (
					"$(inherited)",
					/Applications/Xcode.app/Contents/Developer/Toolchains/XcodeDefault.xctoolchain/usr/include,
					$BUILT_PRODUCTS_DIR/include,
				);
				INFOPLIST_FILE = CheckRecognition/Info.plist;
				IPHONEOS_DEPLOYMENT_TARGET = 7.0;
				LD_RUNPATH_SEARCH_PATHS = "$(inherited) @executable_path/Frameworks";
				LIBRARY_SEARCH_PATHS = $BUILT_PRODUCTS_DIR;
				PRODUCT_NAME = "$(TARGET_NAME)";
				SWIFT_OBJC_BRIDGING_HEADER = "CheckRecognition/CheckRecognition-Bridging-Header.h";
				SWIFT_OPTIMIZATION_LEVEL = "-Onone";
			};
			name = Debug;
		};
		8446D1FB1A20E5DE00487D58 /* Release */ = {
			isa = XCBuildConfiguration;
			buildSettings = {
				ASSETCATALOG_COMPILER_APPICON_NAME = AppIcon;
				ASSETCATALOG_COMPILER_LAUNCHIMAGE_NAME = LaunchImage;
				CLANG_ENABLE_MODULES = YES;
				CODE_SIGN_IDENTITY = "iPhone Developer";
				DEFINES_MODULE = YES;
				GCC_USE_STANDARD_INCLUDE_SEARCHING = YES;
				HEADER_SEARCH_PATHS = (
					"$(inherited)",
					/Applications/Xcode.app/Contents/Developer/Toolchains/XcodeDefault.xctoolchain/usr/include,
					$BUILT_PRODUCTS_DIR/include,
				);
				INFOPLIST_FILE = CheckRecognition/Info.plist;
				IPHONEOS_DEPLOYMENT_TARGET = 7.0;
				LD_RUNPATH_SEARCH_PATHS = "$(inherited) @executable_path/Frameworks";
				LIBRARY_SEARCH_PATHS = $BUILT_PRODUCTS_DIR;
				PRODUCT_NAME = "$(TARGET_NAME)";
				SWIFT_OBJC_BRIDGING_HEADER = "CheckRecognition/CheckRecognition-Bridging-Header.h";
			};
			name = Release;
		};
/* End XCBuildConfiguration section */

/* Begin XCConfigurationList section */
		8446D1D31A20E5DD00487D58 /* Build configuration list for PBXProject "CheckRecognition" */ = {
			isa = XCConfigurationList;
			buildConfigurations = (
				8446D1F71A20E5DE00487D58 /* Debug */,
				8446D1F81A20E5DE00487D58 /* Release */,
			);
			defaultConfigurationIsVisible = 0;
			defaultConfigurationName = Release;
		};
		8446D1F91A20E5DE00487D58 /* Build configuration list for PBXNativeTarget "CheckRecognition" */ = {
			isa = XCConfigurationList;
			buildConfigurations = (
				8446D1FA1A20E5DE00487D58 /* Debug */,
				8446D1FB1A20E5DE00487D58 /* Release */,
			);
			defaultConfigurationIsVisible = 0;
			defaultConfigurationName = Release;
		};
/* End XCConfigurationList section */
	};
	rootObject = 8446D1D01A20E5DD00487D58 /* Project object */;
}
